
Microsoft Visual Studio Solution File, Format Version 12.00
# Visual Studio 15
VisualStudioVersion = 15.0.28307.329
MinimumVisualStudioVersion = 10.0.40219.1
Project("{FAE04EC0-301F-11D3-BF4B-00C04F79EFBC}") = "coffeTek.Android", "coffeTek\coffeTek.Android\coffeTek.Android.csproj", "{7C3E9CA8-EB5C-4C0F-AA76-6B1054151C11}"
EndProject
Project("{FAE04EC0-301F-11D3-BF4B-00C04F79EFBC}") = "coffeTek.iOS", "coffeTek\coffeTek.iOS\coffeTek.iOS.csproj", "{B4526206-0857-4DF6-A13C-A59464B99A04}"
EndProject
Project("{FAE04EC0-301F-11D3-BF4B-00C04F79EFBC}") = "coffeTek", "coffeTek\coffeTek\coffeTek.csproj", "{84910EDA-595F-4107-BDC2-083092F00988}"
EndProject
Global
	GlobalSection(SolutionConfigurationPlatforms) = preSolution
		Ad-Hoc|Any CPU = Ad-Hoc|Any CPU
		Ad-Hoc|iPhone = Ad-Hoc|iPhone
		Ad-Hoc|iPhoneSimulator = Ad-Hoc|iPhoneSimulator
		AppStore|Any CPU = AppStore|Any CPU
		AppStore|iPhone = AppStore|iPhone
		AppStore|iPhoneSimulator = AppStore|iPhoneSimulator
		Debug|Any CPU = Debug|Any CPU
		Debug|iPhone = Debug|iPhone
		Debug|iPhoneSimulator = Debug|iPhoneSimulator
		Release|Any CPU = Release|Any CPU
		Release|iPhone = Release|iPhone
		Release|iPhoneSimulator = Release|iPhoneSimulator
	EndGlobalSection
	GlobalSection(ProjectConfigurationPlatforms) = postSolution
		{7C3E9CA8-EB5C-4C0F-AA76-6B1054151C11}.Ad-Hoc|Any CPU.ActiveCfg = Release|Any CPU
		{7C3E9CA8-EB5C-4C0F-AA76-6B1054151C11}.Ad-Hoc|Any CPU.Build.0 = Release|Any CPU
		{7C3E9CA8-EB5C-4C0F-AA76-6B1054151C11}.Ad-Hoc|Any CPU.Deploy.0 = Release|Any CPU
		{7C3E9CA8-EB5C-4C0F-AA76-6B1054151C11}.Ad-Hoc|iPhone.ActiveCfg = Release|Any CPU
		{7C3E9CA8-EB5C-4C0F-AA76-6B1054151C11}.Ad-Hoc|iPhone.Build.0 = Release|Any CPU
		{7C3E9CA8-EB5C-4C0F-AA76-6B1054151C11}.Ad-Hoc|iPhone.Deploy.0 = Release|Any CPU
		{7C3E9CA8-EB5C-4C0F-AA76-6B1054151C11}.Ad-Hoc|iPhoneSimulator.ActiveCfg = Release|Any CPU
		{7C3E9CA8-EB5C-4C0F-AA76-6B1054151C11}.Ad-Hoc|iPhoneSimulator.Build.0 = Release|Any CPU
		{7C3E9CA8-EB5C-4C0F-AA76-6B1054151C11}.Ad-Hoc|iPhoneSimulator.Deploy.0 = Release|Any CPU
		{7C3E9CA8-EB5C-4C0F-AA76-6B1054151C11}.AppStore|Any CPU.ActiveCfg = Release|Any CPU
		{7C3E9CA8-EB5C-4C0F-AA76-6B1054151C11}.AppStore|Any CPU.Build.0 = Release|Any CPU
		{7C3E9CA8-EB5C-4C0F-AA76-6B1054151C11}.AppStore|Any CPU.Deploy.0 = Release|Any CPU
		{7C3E9CA8-EB5C-4C0F-AA76-6B1054151C11}.AppStore|iPhone.ActiveCfg = Release|Any CPU
		{7C3E9CA8-EB5C-4C0F-AA76-6B1054151C11}.AppStore|iPhone.Build.0 = Release|Any CPU
		{7C3E9CA8-EB5C-4C0F-AA76-6B1054151C11}.AppStore|iPhone.Deploy.0 = Release|Any CPU
		{7C3E9CA8-EB5C-4C0F-AA76-6B1054151C11}.AppStore|iPhoneSimulator.ActiveCfg = Release|Any CPU
		{7C3E9CA8-EB5C-4C0F-AA76-6B1054151C11}.AppStore|iPhoneSimulator.Build.0 = Release|Any CPU
		{7C3E9CA8-EB5C-4C0F-AA76-6B1054151C11}.AppStore|iPhoneSimulator.Deploy.0 = Release|Any CPU
		{7C3E9CA8-EB5C-4C0F-AA76-6B1054151C11}.Debug|Any CPU.ActiveCfg = Debug|Any CPU
		{7C3E9CA8-EB5C-4C0F-AA76-6B1054151C11}.Debug|Any CPU.Build.0 = Debug|Any CPU
		{7C3E9CA8-EB5C-4C0F-AA76-6B1054151C11}.Debug|Any CPU.Deploy.0 = Debug|Any CPU
		{7C3E9CA8-EB5C-4C0F-AA76-6B1054151C11}.Debug|iPhone.ActiveCfg = Debug|Any CPU
		{7C3E9CA8-EB5C-4C0F-AA76-6B1054151C11}.Debug|iPhone.Build.0 = Debug|Any CPU
		{7C3E9CA8-EB5C-4C0F-AA76-6B1054151C11}.Debug|iPhone.Deploy.0 = Debug|Any CPU
		{7C3E9CA8-EB5C-4C0F-AA76-6B1054151C11}.Debug|iPhoneSimulator.ActiveCfg = Debug|Any CPU
		{7C3E9CA8-EB5C-4C0F-AA76-6B1054151C11}.Debug|iPhoneSimulator.Build.0 = Debug|Any CPU
		{7C3E9CA8-EB5C-4C0F-AA76-6B1054151C11}.Debug|iPhoneSimulator.Deploy.0 = Debug|Any CPU
		{7C3E9CA8-EB5C-4C0F-AA76-6B1054151C11}.Release|Any CPU.ActiveCfg = Release|Any CPU
		{7C3E9CA8-EB5C-4C0F-AA76-6B1054151C11}.Release|Any CPU.Build.0 = Release|Any CPU
		{7C3E9CA8-EB5C-4C0F-AA76-6B1054151C11}.Release|Any CPU.Deploy.0 = Release|Any CPU
		{7C3E9CA8-EB5C-4C0F-AA76-6B1054151C11}.Release|iPhone.ActiveCfg = Release|Any CPU
		{7C3E9CA8-EB5C-4C0F-AA76-6B1054151C11}.Release|iPhone.Build.0 = Release|Any CPU
		{7C3E9CA8-EB5C-4C0F-AA76-6B1054151C11}.Release|iPhone.Deploy.0 = Release|Any CPU
		{7C3E9CA8-EB5C-4C0F-AA76-6B1054151C11}.Release|iPhoneSimulator.ActiveCfg = Release|Any CPU
		{7C3E9CA8-EB5C-4C0F-AA76-6B1054151C11}.Release|iPhoneSimulator.Build.0 = Release|Any CPU
		{7C3E9CA8-EB5C-4C0F-AA76-6B1054151C11}.Release|iPhoneSimulator.Deploy.0 = Release|Any CPU
		{B4526206-0857-4DF6-A13C-A59464B99A04}.Ad-Hoc|Any CPU.ActiveCfg = Ad-Hoc|iPhone
		{B4526206-0857-4DF6-A13C-A59464B99A04}.Ad-Hoc|Any CPU.Build.0 = Ad-Hoc|iPhone
		{B4526206-0857-4DF6-A13C-A59464B99A04}.Ad-Hoc|Any CPU.Deploy.0 = Ad-Hoc|iPhone
		{B4526206-0857-4DF6-A13C-A59464B99A04}.Ad-Hoc|iPhone.ActiveCfg = Ad-Hoc|iPhone
		{B4526206-0857-4DF6-A13C-A59464B99A04}.Ad-Hoc|iPhone.Build.0 = Ad-Hoc|iPhone
		{B4526206-0857-4DF6-A13C-A59464B99A04}.Ad-Hoc|iPhone.Deploy.0 = Ad-Hoc|iPhone
		{B4526206-0857-4DF6-A13C-A59464B99A04}.Ad-Hoc|iPhoneSimulator.ActiveCfg = Ad-Hoc|iPhoneSimulator
		{B4526206-0857-4DF6-A13C-A59464B99A04}.Ad-Hoc|iPhoneSimulator.Build.0 = Ad-Hoc|iPhoneSimulator
		{B4526206-0857-4DF6-A13C-A59464B99A04}.Ad-Hoc|iPhoneSimulator.Deploy.0 = Ad-Hoc|iPhoneSimulator
		{B4526206-0857-4DF6-A13C-A59464B99A04}.AppStore|Any CPU.ActiveCfg = AppStore|iPhone
		{B4526206-0857-4DF6-A13C-A59464B99A04}.AppStore|Any CPU.Build.0 = AppStore|iPhone
		{B4526206-0857-4DF6-A13C-A59464B99A04}.AppStore|Any CPU.Deploy.0 = AppStore|iPhone
		{B4526206-0857-4DF6-A13C-A59464B99A04}.AppStore|iPhone.ActiveCfg = AppStore|iPhone
		{B4526206-0857-4DF6-A13C-A59464B99A04}.AppStore|iPhone.Build.0 = AppStore|iPhone
		{B4526206-0857-4DF6-A13C-A59464B99A04}.AppStore|iPhone.Deploy.0 = AppStore|iPhone
		{B4526206-0857-4DF6-A13C-A59464B99A04}.AppStore|iPhoneSimulator.ActiveCfg = AppStore|iPhoneSimulator
		{B4526206-0857-4DF6-A13C-A59464B99A04}.AppStore|iPhoneSimulator.Build.0 = AppStore|iPhoneSimulator
		{B4526206-0857-4DF6-A13C-A59464B99A04}.AppStore|iPhoneSimulator.Deploy.0 = AppStore|iPhoneSimulator
		{B4526206-0857-4DF6-A13C-A59464B99A04}.Debug|Any CPU.ActiveCfg = Debug|iPhoneSimulator
		{B4526206-0857-4DF6-A13C-A59464B99A04}.Debug|Any CPU.Build.0 = Debug|iPhoneSimulator
		{B4526206-0857-4DF6-A13C-A59464B99A04}.Debug|Any CPU.Deploy.0 = Debug|iPhoneSimulator
		{B4526206-0857-4DF6-A13C-A59464B99A04}.Debug|iPhone.ActiveCfg = Debug|iPhone
		{B4526206-0857-4DF6-A13C-A59464B99A04}.Debug|iPhone.Build.0 = Debug|iPhone
		{B4526206-0857-4DF6-A13C-A59464B99A04}.Debug|iPhone.Deploy.0 = Debug|iPhone
		{B4526206-0857-4DF6-A13C-A59464B99A04}.Debug|iPhoneSimulator.ActiveCfg = Debug|iPhoneSimulator
		{B4526206-0857-4DF6-A13C-A59464B99A04}.Debug|iPhoneSimulator.Build.0 = Debug|iPhoneSimulator
		{B4526206-0857-4DF6-A13C-A59464B99A04}.Debug|iPhoneSimulator.Deploy.0 = Debug|iPhoneSimulator
		{B4526206-0857-4DF6-A13C-A59464B99A04}.Release|Any CPU.ActiveCfg = Release|iPhone
		{B4526206-0857-4DF6-A13C-A59464B99A04}.Release|Any CPU.Build.0 = Release|iPhone
		{B4526206-0857-4DF6-A13C-A59464B99A04}.Release|Any CPU.Deploy.0 = Release|iPhone
		{B4526206-0857-4DF6-A13C-A59464B99A04}.Release|iPhone.ActiveCfg = Release|iPhone
		{B4526206-0857-4DF6-A13C-A59464B99A04}.Release|iPhone.Build.0 = Release|iPhone
		{B4526206-0857-4DF6-A13C-A59464B99A04}.Release|iPhone.Deploy.0 = Release|iPhone
		{B4526206-0857-4DF6-A13C-A59464B99A04}.Release|iPhoneSimulator.ActiveCfg = Release|iPhoneSimulator
		{B4526206-0857-4DF6-A13C-A59464B99A04}.Release|iPhoneSimulator.Build.0 = Release|iPhoneSimulator
		{B4526206-0857-4DF6-A13C-A59464B99A04}.Release|iPhoneSimulator.Deploy.0 = Release|iPhoneSimulator
		{84910EDA-595F-4107-BDC2-083092F00988}.Ad-Hoc|Any CPU.ActiveCfg = Debug|Any CPU
		{84910EDA-595F-4107-BDC2-083092F00988}.Ad-Hoc|Any CPU.Build.0 = Debug|Any CPU
		{84910EDA-595F-4107-BDC2-083092F00988}.Ad-Hoc|Any CPU.Deploy.0 = Debug|Any CPU
		{84910EDA-595F-4107-BDC2-083092F00988}.Ad-Hoc|iPhone.ActiveCfg = Debug|Any CPU
		{84910EDA-595F-4107-BDC2-083092F00988}.Ad-Hoc|iPhone.Build.0 = Debug|Any CPU
		{84910EDA-595F-4107-BDC2-083092F00988}.Ad-Hoc|iPhone.Deploy.0 = Debug|Any CPU
		{84910EDA-595F-4107-BDC2-083092F00988}.Ad-Hoc|iPhoneSimulator.ActiveCfg = Debug|Any CPU
		{84910EDA-595F-4107-BDC2-083092F00988}.Ad-Hoc|iPhoneSimulator.Build.0 = Debug|Any CPU
		{84910EDA-595F-4107-BDC2-083092F00988}.Ad-Hoc|iPhoneSimulator.Deploy.0 = Debug|Any CPU
		{84910EDA-595F-4107-BDC2-083092F00988}.AppStore|Any CPU.ActiveCfg = Debug|Any CPU
		{84910EDA-595F-4107-BDC2-083092F00988}.AppStore|Any CPU.Build.0 = Debug|Any CPU
		{84910EDA-595F-4107-BDC2-083092F00988}.AppStore|Any CPU.Deploy.0 = Debug|Any CPU
		{84910EDA-595F-4107-BDC2-083092F00988}.AppStore|iPhone.ActiveCfg = Debug|Any CPU
		{84910EDA-595F-4107-BDC2-083092F00988}.AppStore|iPhone.Build.0 = Debug|Any CPU
		{84910EDA-595F-4107-BDC2-083092F00988}.AppStore|iPhone.Deploy.0 = Debug|Any CPU
		{84910EDA-595F-4107-BDC2-083092F00988}.AppStore|iPhoneSimulator.ActiveCfg = Debug|Any CPU
		{84910EDA-595F-4107-BDC2-083092F00988}.AppStore|iPhoneSimulator.Build.0 = Debug|Any CPU
		{84910EDA-595F-4107-BDC2-083092F00988}.AppStore|iPhoneSimulator.Deploy.0 = Debug|Any CPU
		{84910EDA-595F-4107-BDC2-083092F00988}.Debug|Any CPU.ActiveCfg = Debug|Any CPU
		{84910EDA-595F-4107-BDC2-083092F00988}.Debug|Any CPU.Build.0 = Debug|Any CPU
		{84910EDA-595F-4107-BDC2-083092F00988}.Debug|Any CPU.Deploy.0 = Debug|Any CPU
		{84910EDA-595F-4107-BDC2-083092F00988}.Debug|iPhone.ActiveCfg = Debug|Any CPU
		{84910EDA-595F-4107-BDC2-083092F00988}.Debug|iPhone.Build.0 = Debug|Any CPU
		{84910EDA-595F-4107-BDC2-083092F00988}.Debug|iPhone.Deploy.0 = Debug|Any CPU
		{84910EDA-595F-4107-BDC2-083092F00988}.Debug|iPhoneSimulator.ActiveCfg = Debug|Any CPU
		{84910EDA-595F-4107-BDC2-083092F00988}.Debug|iPhoneSimulator.Build.0 = Debug|Any CPU
		{84910EDA-595F-4107-BDC2-083092F00988}.Debug|iPhoneSimulator.Deploy.0 = Debug|Any CPU
		{84910EDA-595F-4107-BDC2-083092F00988}.Release|Any CPU.ActiveCfg = Release|Any CPU
		{84910EDA-595F-4107-BDC2-083092F00988}.Release|Any CPU.Build.0 = Release|Any CPU
		{84910EDA-595F-4107-BDC2-083092F00988}.Release|Any CPU.Deploy.0 = Release|Any CPU
		{84910EDA-595F-4107-BDC2-083092F00988}.Release|iPhone.ActiveCfg = Release|Any CPU
		{84910EDA-595F-4107-BDC2-083092F00988}.Release|iPhone.Build.0 = Release|Any CPU
		{84910EDA-595F-4107-BDC2-083092F00988}.Release|iPhone.Deploy.0 = Release|Any CPU
		{84910EDA-595F-4107-BDC2-083092F00988}.Release|iPhoneSimulator.ActiveCfg = Release|Any CPU
		{84910EDA-595F-4107-BDC2-083092F00988}.Release|iPhoneSimulator.Build.0 = Release|Any CPU
		{84910EDA-595F-4107-BDC2-083092F00988}.Release|iPhoneSimulator.Deploy.0 = Release|Any CPU
	EndGlobalSection
	GlobalSection(SolutionProperties) = preSolution
		HideSolutionNode = FALSE
	EndGlobalSection
	GlobalSection(ExtensibilityGlobals) = postSolution
		SolutionGuid = {7ADC35F9-D782-4644-9B75-A3D7A739B564}
	EndGlobalSection
EndGlobal
